
Microsoft Visual Studio Solution File, Format Version 12.00
# Visual Studio Version 16
VisualStudioVersion = 16.0.30002.166
MinimumVisualStudioVersion = 10.0.40219.1
Project("{9A19103F-16F7-4668-BE54-9A1E7A4F7556}") = "Data", "Data\Data.csproj", "{CF4C87E7-86EB-4144-913A-70A20A742601}"
EndProject
Project("{9A19103F-16F7-4668-BE54-9A1E7A4F7556}") = "Api", "quickstart\src\Api\Api.csproj", "{86E31F25-B65A-4B4D-99BA-9F01EA139C8F}"
EndProject
Project("{9A19103F-16F7-4668-BE54-9A1E7A4F7556}") = "MVCClient", "quickstart\src\MVCClient\MVCClient.csproj", "{EC64F97A-2CE3-4685-A441-1030BC8EB41C}"
EndProject
Project("{9A19103F-16F7-4668-BE54-9A1E7A4F7556}") = "IdentityServerAspNetIdentity", "quickstart\src\IdentityServerAspNetIdentity\IdentityServerAspNetIdentity.csproj", "{2E6C14A0-D98F-49F5-BD42-74C71881B9A8}"
EndProject
Global
	GlobalSection(SolutionConfigurationPlatforms) = preSolution
		Debug|Any CPU = Debug|Any CPU
		Release|Any CPU = Release|Any CPU
	EndGlobalSection
	GlobalSection(ProjectConfigurationPlatforms) = postSolution
		{CF4C87E7-86EB-4144-913A-70A20A742601}.Debug|Any CPU.ActiveCfg = Debug|Any CPU
		{CF4C87E7-86EB-4144-913A-70A20A742601}.Debug|Any CPU.Build.0 = Debug|Any CPU
		{CF4C87E7-86EB-4144-913A-70A20A742601}.Release|Any CPU.ActiveCfg = Release|Any CPU
		{CF4C87E7-86EB-4144-913A-70A20A742601}.Release|Any CPU.Build.0 = Release|Any CPU
		{86E31F25-B65A-4B4D-99BA-9F01EA139C8F}.Debug|Any CPU.ActiveCfg = Debug|Any CPU
		{86E31F25-B65A-4B4D-99BA-9F01EA139C8F}.Debug|Any CPU.Build.0 = Debug|Any CPU
		{86E31F25-B65A-4B4D-99BA-9F01EA139C8F}.Release|Any CPU.ActiveCfg = Release|Any CPU
		{86E31F25-B65A-4B4D-99BA-9F01EA139C8F}.Release|Any CPU.Build.0 = Release|Any CPU
		{EC64F97A-2CE3-4685-A441-1030BC8EB41C}.Debug|Any CPU.ActiveCfg = Debug|Any CPU
		{EC64F97A-2CE3-4685-A441-1030BC8EB41C}.Debug|Any CPU.Build.0 = Debug|Any CPU
		{EC64F97A-2CE3-4685-A441-1030BC8EB41C}.Release|Any CPU.ActiveCfg = Release|Any CPU
		{EC64F97A-2CE3-4685-A441-1030BC8EB41C}.Release|Any CPU.Build.0 = Release|Any CPU
		{2E6C14A0-D98F-49F5-BD42-74C71881B9A8}.Debug|Any CPU.ActiveCfg = Debug|Any CPU
		{2E6C14A0-D98F-49F5-BD42-74C71881B9A8}.Debug|Any CPU.Build.0 = Debug|Any CPU
		{2E6C14A0-D98F-49F5-BD42-74C71881B9A8}.Release|Any CPU.ActiveCfg = Release|Any CPU
		{2E6C14A0-D98F-49F5-BD42-74C71881B9A8}.Release|Any CPU.Build.0 = Release|Any CPU
	EndGlobalSection
	GlobalSection(SolutionProperties) = preSolution
		HideSolutionNode = FALSE
	EndGlobalSection
	GlobalSection(ExtensibilityGlobals) = postSolution
		SolutionGuid = {8E2320E3-760B-4542-A505-2E621AB443F9}
	EndGlobalSection
EndGlobal
